// !$*UTF8*$!
{
	archiveVersion = 1;
	classes = {
	};
	objectVersion = 46;
	objects = {

/* Begin PBXBuildFile section */
		1BEC883E1DCA436200CC5234 /* AppDelegate.swift in Sources */ = {isa = PBXBuildFile; fileRef = 1BEC883D1DCA436100CC5234 /* AppDelegate.swift */; };
		1BEC88431DCA436200CC5234 /* Main.storyboard in Resources */ = {isa = PBXBuildFile; fileRef = 1BEC88411DCA436200CC5234 /* Main.storyboard */; };
		1BEC88451DCA436200CC5234 /* Assets.xcassets in Resources */ = {isa = PBXBuildFile; fileRef = 1BEC88441DCA436200CC5234 /* Assets.xcassets */; };
		1BEC88481DCA436200CC5234 /* LaunchScreen.storyboard in Resources */ = {isa = PBXBuildFile; fileRef = 1BEC88461DCA436200CC5234 /* LaunchScreen.storyboard */; };
		1BEC88501DCA43F300CC5234 /* GuthubAPI.swift in Sources */ = {isa = PBXBuildFile; fileRef = 1BEC884F1DCA43F300CC5234 /* GuthubAPI.swift */; };
		1BEC88521DCA4BB900CC5234 /* UserInfo.swift in Sources */ = {isa = PBXBuildFile; fileRef = 1BEC88511DCA4BB900CC5234 /* UserInfo.swift */; };
		1BEC88541DCA4C1F00CC5234 /* DataStore.swift in Sources */ = {isa = PBXBuildFile; fileRef = 1BEC88531DCA4C1F00CC5234 /* DataStore.swift */; };
		1BEC88561DCA503E00CC5234 /* UsersInfoTableViewController.swift in Sources */ = {isa = PBXBuildFile; fileRef = 1BEC88551DCA503E00CC5234 /* UsersInfoTableViewController.swift */; };
		1BEC88581DCA540D00CC5234 /* TableViewCell.swift in Sources */ = {isa = PBXBuildFile; fileRef = 1BEC88571DCA540D00CC5234 /* TableViewCell.swift */; };
/* End PBXBuildFile section */

/* Begin PBXFileReference section */
		1BEC883A1DCA436100CC5234 /* githubAPI.app */ = {isa = PBXFileReference; explicitFileType = wrapper.application; includeInIndex = 0; path = githubAPI.app; sourceTree = BUILT_PRODUCTS_DIR; };
		1BEC883D1DCA436100CC5234 /* AppDelegate.swift */ = {isa = PBXFileReference; lastKnownFileType = sourcecode.swift; path = AppDelegate.swift; sourceTree = "<group>"; };
		1BEC88421DCA436200CC5234 /* Base */ = {isa = PBXFileReference; lastKnownFileType = file.storyboard; name = Base; path = Base.lproj/Main.storyboard; sourceTree = "<group>"; };
		1BEC88441DCA436200CC5234 /* Assets.xcassets */ = {isa = PBXFileReference; lastKnownFileType = folder.assetcatalog; path = Assets.xcassets; sourceTree = "<group>"; };
		1BEC88471DCA436200CC5234 /* Base */ = {isa = PBXFileReference; lastKnownFileType = file.storyboard; name = Base; path = Base.lproj/LaunchScreen.storyboard; sourceTree = "<group>"; };
		1BEC88491DCA436200CC5234 /* Info.plist */ = {isa = PBXFileReference; lastKnownFileType = text.plist.xml; path = Info.plist; sourceTree = "<group>"; };
		1BEC884F1DCA43F300CC5234 /* GuthubAPI.swift */ = {isa = PBXFileReference; fileEncoding = 4; lastKnownFileType = sourcecode.swift; path = GuthubAPI.swift; sourceTree = "<group>"; };
		1BEC88511DCA4BB900CC5234 /* UserInfo.swift */ = {isa = PBXFileReference; fileEncoding = 4; lastKnownFileType = sourcecode.swift; path = UserInfo.swift; sourceTree = "<group>"; };
		1BEC88531DCA4C1F00CC5234 /* DataStore.swift */ = {isa = PBXFileReference; fileEncoding = 4; lastKnownFileType = sourcecode.swift; path = DataStore.swift; sourceTree = "<group>"; };
		1BEC88551DCA503E00CC5234 /* UsersInfoTableViewController.swift */ = {isa = PBXFileReference; fileEncoding = 4; lastKnownFileType = sourcecode.swift; path = UsersInfoTableViewController.swift; sourceTree = "<group>"; };
		1BEC88571DCA540D00CC5234 /* TableViewCell.swift */ = {isa = PBXFileReference; fileEncoding = 4; lastKnownFileType = sourcecode.swift; path = TableViewCell.swift; sourceTree = "<group>"; };
/* End PBXFileReference section */

/* Begin PBXFrameworksBuildPhase section */
		1BEC88371DCA436100CC5234 /* Frameworks */ = {
			isa = PBXFrameworksBuildPhase;
			buildActionMask = 2147483647;
			files = (
			);
			runOnlyForDeploymentPostprocessing = 0;
		};
/* End PBXFrameworksBuildPhase section */

/* Begin PBXGroup section */
		1BEC88311DCA436100CC5234 = {
			isa = PBXGroup;
			children = (
				1BEC883C1DCA436100CC5234 /* githubAPI */,
				1BEC883B1DCA436100CC5234 /* Products */,
			);
			sourceTree = "<group>";
		};
		1BEC883B1DCA436100CC5234 /* Products */ = {
			isa = PBXGroup;
			children = (
				1BEC883A1DCA436100CC5234 /* githubAPI.app */,
			);
			name = Products;
			sourceTree = "<group>";
		};
		1BEC883C1DCA436100CC5234 /* githubAPI */ = {
			isa = PBXGroup;
			children = (
				1BEC883D1DCA436100CC5234 /* AppDelegate.swift */,
				1BEC884F1DCA43F300CC5234 /* GuthubAPI.swift */,
				1BEC88571DCA540D00CC5234 /* TableViewCell.swift */,
				1BEC88551DCA503E00CC5234 /* UsersInfoTableViewController.swift */,
				1BEC88511DCA4BB900CC5234 /* UserInfo.swift */,
				1BEC88531DCA4C1F00CC5234 /* DataStore.swift */,
				1BEC88411DCA436200CC5234 /* Main.storyboard */,
				1BEC88441DCA436200CC5234 /* Assets.xcassets */,
				1BEC88461DCA436200CC5234 /* LaunchScreen.storyboard */,
				1BEC88491DCA436200CC5234 /* Info.plist */,
			);
			path = githubAPI;
			sourceTree = "<group>";
		};
/* End PBXGroup section */

/* Begin PBXNativeTarget section */
		1BEC88391DCA436100CC5234 /* githubAPI */ = {
			isa = PBXNativeTarget;
			buildConfigurationList = 1BEC884C1DCA436200CC5234 /* Build configuration list for PBXNativeTarget "githubAPI" */;
			buildPhases = (
				1BEC88361DCA436100CC5234 /* Sources */,
				1BEC88371DCA436100CC5234 /* Frameworks */,
				1BEC88381DCA436100CC5234 /* Resources */,
			);
			buildRules = (
			);
			dependencies = (
			);
			name = githubAPI;
			productName = githubAPI;
			productReference = 1BEC883A1DCA436100CC5234 /* githubAPI.app */;
			productType = "com.apple.product-type.application";
		};
/* End PBXNativeTarget section */

/* Begin PBXProject section */
		1BEC88321DCA436100CC5234 /* Project object */ = {
			isa = PBXProject;
			attributes = {
				LastSwiftUpdateCheck = 0800;
				LastUpgradeCheck = 0800;
				ORGANIZATIONNAME = jennyshalai;
				TargetAttributes = {
					1BEC88391DCA436100CC5234 = {
						CreatedOnToolsVersion = 8.0;
						DevelopmentTeam = T968CB326T;
						ProvisioningStyle = Automatic;
					};
				};
			};
			buildConfigurationList = 1BEC88351DCA436100CC5234 /* Build configuration list for PBXProject "githubAPI" */;
			compatibilityVersion = "Xcode 3.2";
			developmentRegion = English;
			hasScannedForEncodings = 0;
			knownRegions = (
				en,
				Base,
			);
			mainGroup = 1BEC88311DCA436100CC5234;
			productRefGroup = 1BEC883B1DCA436100CC5234 /* Products */;
			projectDirPath = "";
			projectRoot = "";
			targets = (
				1BEC88391DCA436100CC5234 /* githubAPI */,
			);
		};
/* End PBXProject section */

/* Begin PBXResourcesBuildPhase section */
		1BEC88381DCA436100CC5234 /* Resources */ = {
			isa = PBXResourcesBuildPhase;
			buildActionMask = 2147483647;
			files = (
				1BEC88481DCA436200CC5234 /* LaunchScreen.storyboard in Resources */,
				1BEC88451DCA436200CC5234 /* Assets.xcassets in Resources */,
				1BEC88431DCA436200CC5234 /* Main.storyboard in Resources */,
			);
			runOnlyForDeploymentPostprocessing = 0;
		};
/* End PBXResourcesBuildPhase section */

/* Begin PBXSourcesBuildPhase section */
		1BEC88361DCA436100CC5234 /* Sources */ = {
			isa = PBXSourcesBuildPhase;
			buildActionMask = 2147483647;
			files = (
				1BEC88521DCA4BB900CC5234 /* UserInfo.swift in Sources */,
				1BEC88501DCA43F300CC5234 /* GuthubAPI.swift in Sources */,
				1BEC88541DCA4C1F00CC5234 /* DataStore.swift in Sources */,
				1BEC88561DCA503E00CC5234 /* UsersInfoTableViewController.swift in Sources */,
				1BEC88581DCA540D00CC5234 /* TableViewCell.swift in Sources */,
				1BEC883E1DCA436200CC5234 /* AppDelegate.swift in Sources */,
			);
			runOnlyForDeploymentPostprocessing = 0;
		};
/* End PBXSourcesBuildPhase section */

/* Begin PBXVariantGroup section */
		1BEC88411DCA436200CC5234 /* Main.storyboard */ = {
			isa = PBXVariantGroup;
			children = (
				1BEC88421DCA436200CC5234 /* Base */,
			);
			name = Main.storyboard;
			sourceTree = "<group>";
		};
		1BEC88461DCA436200CC5234 /* LaunchScreen.storyboard */ = {
			isa = PBXVariantGroup;
			children = (
				1BEC88471DCA436200CC5234 /* Base */,
			);
			name = LaunchScreen.storyboard;
			sourceTree = "<group>";
		};
/* End PBXVariantGroup section */

/* Begin XCBuildConfiguration section */
		1BEC884A1DCA436200CC5234 /* Debug */ = {
			isa = XCBuildConfiguration;
			buildSettings = {
				ALWAYS_SEARCH_USER_PATHS = NO;
				CLANG_ANALYZER_NONNULL = YES;
				CLANG_CXX_LANGUAGE_STANDARD = "gnu++0x";
				CLANG_CXX_LIBRARY = "libc++";
				CLANG_ENABLE_MODULES = YES;
				CLANG_ENABLE_OBJC_ARC = YES;
				CLANG_WARN_BOOL_CONVERSION = YES;
				CLANG_WARN_CONSTANT_CONVERSION = YES;
				CLANG_WARN_DIRECT_OBJC_ISA_USAGE = YES_ERROR;
				CLANG_WARN_DOCUMENTATION_COMMENTS = YES;
				CLANG_WARN_EMPTY_BODY = YES;
				CLANG_WARN_ENUM_CONVERSION = YES;
				CLANG_WARN_INFINITE_RECURSION = YES;
				CLANG_WARN_INT_CONVERSION = YES;
				CLANG_WARN_OBJC_ROOT_CLASS = YES_ERROR;
				CLANG_WARN_SUSPICIOUS_MOVES = YES;
				CLANG_WARN_UNREACHABLE_CODE = YES;
				CLANG_WARN__DUPLICATE_METHOD_MATCH = YES;
				"CODE_SIGN_IDENTITY[sdk=iphoneos*]" = "iPhone Developer";
				COPY_PHASE_STRIP = NO;
				DEBUG_INFORMATION_FORMAT = dwarf;
				ENABLE_STRICT_OBJC_MSGSEND = YES;
				ENABLE_TESTABILITY = YES;
				GCC_C_LANGUAGE_STANDARD = gnu99;
				GCC_DYNAMIC_NO_PIC = NO;
				GCC_NO_COMMON_BLOCKS = YES;
				GCC_OPTIMIZATION_LEVEL = 0;
				GCC_PREPROCESSOR_DEFINITIONS = (
					"DEBUG=1",
					"$(inherited)",
				);
				GCC_WARN_64_TO_32_BIT_CONVERSION = YES;
				GCC_WARN_ABOUT_RETURN_TYPE = YES_ERROR;
				GCC_WARN_UNDECLARED_SELECTOR = YES;
				GCC_WARN_UNINITIALIZED_AUTOS = YES_AGGRESSIVE;
				GCC_WARN_UNUSED_FUNCTION = YES;
				GCC_WARN_UNUSED_VARIABLE = YES;
				IPHONEOS_DEPLOYMENT_TARGET = 10.0;
				MTL_ENABLE_DEBUG_INFO = YES;
				ONLY_ACTIVE_ARCH = YES;
				SDKROOT = iphoneos;
				SWIFT_ACTIVE_COMPILATION_CONDITIONS = DEBUG;
				SWIFT_OPTIMIZATION_LEVEL = "-Onone";
				TARGETED_DEVICE_FAMILY = "1,2";
			};
			name = Debug;
		};
		1BEC884B1DCA436200CC5234 /* Release */ = {
			isa = XCBuildConfiguration;
			buildSettings = {
				ALWAYS_SEARCH_USER_PATHS = NO;
				CLANG_ANALYZER_NONNULL = YES;
				CLANG_CXX_LANGUAGE_STANDARD = "gnu++0x";
				CLANG_CXX_LIBRARY = "libc++";
				CLANG_ENABLE_MODULES = YES;
				CLANG_ENABLE_OBJC_ARC = YES;
				CLANG_WARN_BOOL_CONVERSION = YES;
				CLANG_WARN_CONSTANT_CONVERSION = YES;
				CLANG_WARN_DIRECT_OBJC_ISA_USAGE = YES_ERROR;
				CLANG_WARN_DOCUMENTATION_COMMENTS = YES;
				CLANG_WARN_EMPTY_BODY = YES;
				CLANG_WARN_ENUM_CONVERSION = YES;
				CLANG_WARN_INFINITE_RECURSION = YES;
				CLANG_WARN_INT_CONVERSION = YES;
				CLANG_WARN_OBJC_ROOT_CLASS = YES_ERROR;
				CLANG_WARN_SUSPICIOUS_MOVES = YES;
				CLANG_WARN_UNREACHABLE_CODE = YES;
				CLANG_WARN__DUPLICATE_METHOD_MATCH = YES;
				"CODE_SIGN_IDENTITY[sdk=iphoneos*]" = "iPhone Developer";
				COPY_PHASE_STRIP = NO;
				DEBUG_INFORMATION_FORMAT = "dwarf-with-dsym";
				ENABLE_NS_ASSERTIONS = NO;
				ENABLE_STRICT_OBJC_MSGSEND = YES;
				GCC_C_LANGUAGE_STANDARD = gnu99;
				GCC_NO_COMMON_BLOCKS = YES;
				GCC_WARN_64_TO_32_BIT_CONVERSION = YES;
				GCC_WARN_ABOUT_RETURN_TYPE = YES_ERROR;
				GCC_WARN_UNDECLARED_SELECTOR = YES;
				GCC_WARN_UNINITIALIZED_AUTOS = YES_AGGRESSIVE;
				GCC_WARN_UNUSED_FUNCTION = YES;
				GCC_WARN_UNUSED_VARIABLE = YES;
				IPHONEOS_DEPLOYMENT_TARGET = 10.0;
				MTL_ENABLE_DEBUG_INFO = NO;
				SDKROOT = iphoneos;
				SWIFT_OPTIMIZATION_LEVEL = "-Owholemodule";
				TARGETED_DEVICE_FAMILY = "1,2";
				VALIDATE_PRODUCT = YES;
			};
			name = Release;
		};
		1BEC884D1DCA436200CC5234 /* Debug */ = {
			isa = XCBuildConfiguration;
			buildSettings = {
				ASSETCATALOG_COMPILER_APPICON_NAME = AppIcon;
				DEVELOPMENT_TEAM = T968CB326T;
				INFOPLIST_FILE = githubAPI/Info.plist;
				LD_RUNPATH_SEARCH_PATHS = "$(inherited) @executable_path/Frameworks";
				PRODUCT_BUNDLE_IDENTIFIER = shalai.nyc.githubAPI;
				PRODUCT_NAME = "$(TARGET_NAME)";
				SWIFT_VERSION = 3.0;
			};
			name = Debug;
		};
		1BEC884E1DCA436200CC5234 /* Release */ = {
			isa = XCBuildConfiguration;
			buildSettings = {
				ASSETCATALOG_COMPILER_APPICON_NAME = AppIcon;
				DEVELOPMENT_TEAM = T968CB326T;
				INFOPLIST_FILE = githubAPI/Info.plist;
				LD_RUNPATH_SEARCH_PATHS = "$(inherited) @executable_path/Frameworks";
				PRODUCT_BUNDLE_IDENTIFIER = shalai.nyc.githubAPI;
				PRODUCT_NAME = "$(TARGET_NAME)";
				SWIFT_VERSION = 3.0;
			};
			name = Release;
		};
/* End XCBuildConfiguration section */

/* Begin XCConfigurationList section */
		1BEC88351DCA436100CC5234 /* Build configuration list for PBXProject "githubAPI" */ = {
			isa = XCConfigurationList;
			buildConfigurations = (
				1BEC884A1DCA436200CC5234 /* Debug */,
				1BEC884B1DCA436200CC5234 /* Release */,
			);
			defaultConfigurationIsVisible = 0;
			defaultConfigurationName = Release;
		};
		1BEC884C1DCA436200CC5234 /* Build configuration list for PBXNativeTarget "githubAPI" */ = {
			isa = XCConfigurationList;
			buildConfigurations = (
				1BEC884D1DCA436200CC5234 /* Debug */,
				1BEC884E1DCA436200CC5234 /* Release */,
			);
			defaultConfigurationIsVisible = 0;
			defaultConfigurationName = Release;
		};
/* End XCConfigurationList section */
	};
	rootObject = 1BEC88321DCA436100CC5234 /* Project object */;
}
